// !$*UTF8*$!
{
	archiveVersion = 1;
	classes = {
	};
	objectVersion = 52;
	objects = {

/* Begin PBXBuildFile section */
		421309C026BB788900078A00 /* SelectionPokemonViewModel.swift in Sources */ = {isa = PBXBuildFile; fileRef = 421309BF26BB788900078A00 /* SelectionPokemonViewModel.swift */; };
		421309C426BB790A00078A00 /* PokemonResponse.swift in Sources */ = {isa = PBXBuildFile; fileRef = 421309C326BB790A00078A00 /* PokemonResponse.swift */; };
		421309C626BB792500078A00 /* Pokemon.swift in Sources */ = {isa = PBXBuildFile; fileRef = 421309C526BB792500078A00 /* Pokemon.swift */; };
		421309C926BB794600078A00 /* PokemonAPI.swift in Sources */ = {isa = PBXBuildFile; fileRef = 421309C826BB794600078A00 /* PokemonAPI.swift */; };
		421309CC26BB799300078A00 /* EnvironmentConfig.swift in Sources */ = {isa = PBXBuildFile; fileRef = 421309CB26BB799300078A00 /* EnvironmentConfig.swift */; };
		421309D026BB7FA500078A00 /* SDWebImageSwiftUI in Frameworks */ = {isa = PBXBuildFile; productRef = 421309CF26BB7FA500078A00 /* SDWebImageSwiftUI */; };
		421309D326BB84ED00078A00 /* String+Extension.swift in Sources */ = {isa = PBXBuildFile; fileRef = 421309D226BB84ED00078A00 /* String+Extension.swift */; };
		429AEB4026BC36A2001A71E5 /* ActivityIndicator.swift in Sources */ = {isa = PBXBuildFile; fileRef = 429AEB3F26BC36A2001A71E5 /* ActivityIndicator.swift */; };
		42D0EB9126BBB39200018FE5 /* CatchPokemon.swift in Sources */ = {isa = PBXBuildFile; fileRef = 42D0EB9026BBB39200018FE5 /* CatchPokemon.swift */; };
		42D0EB9326BBB88100018FE5 /* ListPokemonViewModel.swift in Sources */ = {isa = PBXBuildFile; fileRef = 42D0EB9226BBB88100018FE5 /* ListPokemonViewModel.swift */; };
		42E0AA1C26BBAEA5007F23DB /* CoreDataManager.swift in Sources */ = {isa = PBXBuildFile; fileRef = 42E0AA1B26BBAEA5007F23DB /* CoreDataManager.swift */; };
		42E0AA2026BBAF23007F23DB /* PokemonAppModel.xcdatamodeld in Sources */ = {isa = PBXBuildFile; fileRef = 42E0AA1E26BBAF23007F23DB /* PokemonAppModel.xcdatamodeld */; };
		AB30A2AB26B99FD200D65689 /* ListPokemon.swift in Sources */ = {isa = PBXBuildFile; fileRef = AB30A2AA26B99FD200D65689 /* ListPokemon.swift */; };
		AB30A2AD26B9BE1D00D65689 /* SelectionPokemon.swift in Sources */ = {isa = PBXBuildFile; fileRef = AB30A2AC26B9BE1D00D65689 /* SelectionPokemon.swift */; };
		AB3B47C226B8CEC900763DDC /* AppDelegate.swift in Sources */ = {isa = PBXBuildFile; fileRef = AB3B47C126B8CEC900763DDC /* AppDelegate.swift */; };
		AB3B47C426B8CEC900763DDC /* SceneDelegate.swift in Sources */ = {isa = PBXBuildFile; fileRef = AB3B47C326B8CEC900763DDC /* SceneDelegate.swift */; };
		AB3B47C626B8CEC900763DDC /* ContentView.swift in Sources */ = {isa = PBXBuildFile; fileRef = AB3B47C526B8CEC900763DDC /* ContentView.swift */; };
		AB3B47CB26B8CECD00763DDC /* Preview Assets.xcassets in Resources */ = {isa = PBXBuildFile; fileRef = AB3B47CA26B8CECD00763DDC /* Preview Assets.xcassets */; };
		AB3B47CE26B8CECD00763DDC /* LaunchScreen.storyboard in Resources */ = {isa = PBXBuildFile; fileRef = AB3B47CC26B8CECD00763DDC /* LaunchScreen.storyboard */; };
		AB3B47D826B8D04B00763DDC /* CardPokemon.swift in Sources */ = {isa = PBXBuildFile; fileRef = AB3B47D726B8D04B00763DDC /* CardPokemon.swift */; };
		AB9CB29726BB2205001467F7 /* Assets.xcassets in Resources */ = {isa = PBXBuildFile; fileRef = AB9CB29626BB2205001467F7 /* Assets.xcassets */; };
/* End PBXBuildFile section */

/* Begin PBXFileReference section */
		421309BF26BB788900078A00 /* SelectionPokemonViewModel.swift */ = {isa = PBXFileReference; lastKnownFileType = sourcecode.swift; path = SelectionPokemonViewModel.swift; sourceTree = "<group>"; };
		421309C326BB790A00078A00 /* PokemonResponse.swift */ = {isa = PBXFileReference; lastKnownFileType = sourcecode.swift; path = PokemonResponse.swift; sourceTree = "<group>"; };
		421309C526BB792500078A00 /* Pokemon.swift */ = {isa = PBXFileReference; lastKnownFileType = sourcecode.swift; path = Pokemon.swift; sourceTree = "<group>"; };
		421309C826BB794600078A00 /* PokemonAPI.swift */ = {isa = PBXFileReference; lastKnownFileType = sourcecode.swift; path = PokemonAPI.swift; sourceTree = "<group>"; };
		421309CB26BB799300078A00 /* EnvironmentConfig.swift */ = {isa = PBXFileReference; lastKnownFileType = sourcecode.swift; path = EnvironmentConfig.swift; sourceTree = "<group>"; };
		421309CD26BB79A900078A00 /* Development.xcconfig */ = {isa = PBXFileReference; lastKnownFileType = text.xcconfig; path = Development.xcconfig; sourceTree = "<group>"; };
		421309D226BB84ED00078A00 /* String+Extension.swift */ = {isa = PBXFileReference; lastKnownFileType = sourcecode.swift; path = "String+Extension.swift"; sourceTree = "<group>"; };
		429AEB3F26BC36A2001A71E5 /* ActivityIndicator.swift */ = {isa = PBXFileReference; lastKnownFileType = sourcecode.swift; path = ActivityIndicator.swift; sourceTree = "<group>"; };
		42D0EB9026BBB39200018FE5 /* CatchPokemon.swift */ = {isa = PBXFileReference; lastKnownFileType = sourcecode.swift; path = CatchPokemon.swift; sourceTree = "<group>"; };
		42D0EB9226BBB88100018FE5 /* ListPokemonViewModel.swift */ = {isa = PBXFileReference; lastKnownFileType = sourcecode.swift; path = ListPokemonViewModel.swift; sourceTree = "<group>"; };
		42E0AA1B26BBAEA5007F23DB /* CoreDataManager.swift */ = {isa = PBXFileReference; lastKnownFileType = sourcecode.swift; path = CoreDataManager.swift; sourceTree = "<group>"; };
		42E0AA1F26BBAF23007F23DB /* PokemonAppModel.xcdatamodel */ = {isa = PBXFileReference; lastKnownFileType = wrapper.xcdatamodel; path = PokemonAppModel.xcdatamodel; sourceTree = "<group>"; };
		AB30A2AA26B99FD200D65689 /* ListPokemon.swift */ = {isa = PBXFileReference; lastKnownFileType = sourcecode.swift; path = ListPokemon.swift; sourceTree = "<group>"; };
		AB30A2AC26B9BE1D00D65689 /* SelectionPokemon.swift */ = {isa = PBXFileReference; lastKnownFileType = sourcecode.swift; path = SelectionPokemon.swift; sourceTree = "<group>"; };
		AB3B47BE26B8CEC900763DDC /* Pokemon-SwiftUI.app */ = {isa = PBXFileReference; explicitFileType = wrapper.application; includeInIndex = 0; path = "Pokemon-SwiftUI.app"; sourceTree = BUILT_PRODUCTS_DIR; };
		AB3B47C126B8CEC900763DDC /* AppDelegate.swift */ = {isa = PBXFileReference; lastKnownFileType = sourcecode.swift; path = AppDelegate.swift; sourceTree = "<group>"; };
		AB3B47C326B8CEC900763DDC /* SceneDelegate.swift */ = {isa = PBXFileReference; lastKnownFileType = sourcecode.swift; path = SceneDelegate.swift; sourceTree = "<group>"; };
		AB3B47C526B8CEC900763DDC /* ContentView.swift */ = {isa = PBXFileReference; lastKnownFileType = sourcecode.swift; path = ContentView.swift; sourceTree = "<group>"; };
		AB3B47CA26B8CECD00763DDC /* Preview Assets.xcassets */ = {isa = PBXFileReference; lastKnownFileType = folder.assetcatalog; path = "Preview Assets.xcassets"; sourceTree = "<group>"; };
		AB3B47CD26B8CECD00763DDC /* Base */ = {isa = PBXFileReference; lastKnownFileType = file.storyboard; name = Base; path = Base.lproj/LaunchScreen.storyboard; sourceTree = "<group>"; };
		AB3B47CF26B8CECD00763DDC /* Info.plist */ = {isa = PBXFileReference; lastKnownFileType = text.plist.xml; path = Info.plist; sourceTree = "<group>"; };
		AB3B47D726B8D04B00763DDC /* CardPokemon.swift */ = {isa = PBXFileReference; lastKnownFileType = sourcecode.swift; path = CardPokemon.swift; sourceTree = "<group>"; };
		AB9CB29626BB2205001467F7 /* Assets.xcassets */ = {isa = PBXFileReference; lastKnownFileType = folder.assetcatalog; path = Assets.xcassets; sourceTree = "<group>"; };
/* End PBXFileReference section */

/* Begin PBXFrameworksBuildPhase section */
		AB3B47BB26B8CEC900763DDC /* Frameworks */ = {
			isa = PBXFrameworksBuildPhase;
			buildActionMask = 2147483647;
			files = (
				421309D026BB7FA500078A00 /* SDWebImageSwiftUI in Frameworks */,
			);
			runOnlyForDeploymentPostprocessing = 0;
		};
/* End PBXFrameworksBuildPhase section */

/* Begin PBXGroup section */
		421309BD26BB765800078A00 /* Views */ = {
			isa = PBXGroup;
			children = (
				429AEB3E26BC3690001A71E5 /* Representable */,
				421309D126BB84DF00078A00 /* Extension */,
				AB3B47D726B8D04B00763DDC /* CardPokemon.swift */,
				AB30A2AA26B99FD200D65689 /* ListPokemon.swift */,
				AB30A2AC26B9BE1D00D65689 /* SelectionPokemon.swift */,
			);
			path = Views;
			sourceTree = "<group>";
		};
		421309BE26BB786000078A00 /* ViewModel */ = {
			isa = PBXGroup;
			children = (
				421309BF26BB788900078A00 /* SelectionPokemonViewModel.swift */,
				42D0EB9226BBB88100018FE5 /* ListPokemonViewModel.swift */,
			);
			path = ViewModel;
			sourceTree = "<group>";
		};
		421309C126BB789D00078A00 /* Model */ = {
			isa = PBXGroup;
			children = (
				421309C326BB790A00078A00 /* PokemonResponse.swift */,
				421309C526BB792500078A00 /* Pokemon.swift */,
				42D0EB9026BBB39200018FE5 /* CatchPokemon.swift */,
			);
			path = Model;
			sourceTree = "<group>";
		};
		421309C726BB793500078A00 /* Repository */ = {
			isa = PBXGroup;
			children = (
				42E0AA1D26BBAF01007F23DB /* Persistence */,
				421309C826BB794600078A00 /* PokemonAPI.swift */,
			);
			path = Repository;
			sourceTree = "<group>";
		};
		421309CA26BB797900078A00 /* Config */ = {
			isa = PBXGroup;
			children = (
				421309CB26BB799300078A00 /* EnvironmentConfig.swift */,
				421309CD26BB79A900078A00 /* Development.xcconfig */,
			);
			path = Config;
			sourceTree = "<group>";
		};
		421309D126BB84DF00078A00 /* Extension */ = {
			isa = PBXGroup;
			children = (
				421309D226BB84ED00078A00 /* String+Extension.swift */,
			);
			path = Extension;
			sourceTree = "<group>";
		};
		429AEB3E26BC3690001A71E5 /* Representable */ = {
			isa = PBXGroup;
			children = (
				429AEB3F26BC36A2001A71E5 /* ActivityIndicator.swift */,
			);
			path = Representable;
			sourceTree = "<group>";
		};
		42E0AA1D26BBAF01007F23DB /* Persistence */ = {
			isa = PBXGroup;
			children = (
				42E0AA1B26BBAEA5007F23DB /* CoreDataManager.swift */,
				42E0AA1E26BBAF23007F23DB /* PokemonAppModel.xcdatamodeld */,
			);
			path = Persistence;
			sourceTree = "<group>";
		};
		AB3B47B526B8CEC900763DDC = {
			isa = PBXGroup;
			children = (
				AB3B47C026B8CEC900763DDC /* Pokemon-SwiftUI */,
				AB3B47BF26B8CEC900763DDC /* Products */,
			);
			sourceTree = "<group>";
		};
		AB3B47BF26B8CEC900763DDC /* Products */ = {
			isa = PBXGroup;
			children = (
				AB3B47BE26B8CEC900763DDC /* Pokemon-SwiftUI.app */,
			);
			name = Products;
			sourceTree = "<group>";
		};
		AB3B47C026B8CEC900763DDC /* Pokemon-SwiftUI */ = {
			isa = PBXGroup;
			children = (
				421309CA26BB797900078A00 /* Config */,
				421309C726BB793500078A00 /* Repository */,
				421309BE26BB786000078A00 /* ViewModel */,
				421309C126BB789D00078A00 /* Model */,
				421309BD26BB765800078A00 /* Views */,
				AB3B47C126B8CEC900763DDC /* AppDelegate.swift */,
				AB3B47C326B8CEC900763DDC /* SceneDelegate.swift */,
				AB3B47C526B8CEC900763DDC /* ContentView.swift */,
				AB9CB29626BB2205001467F7 /* Assets.xcassets */,
				AB3B47CC26B8CECD00763DDC /* LaunchScreen.storyboard */,
				AB3B47CF26B8CECD00763DDC /* Info.plist */,
				AB3B47C926B8CECD00763DDC /* Preview Content */,
			);
			path = "Pokemon-SwiftUI";
			sourceTree = "<group>";
		};
		AB3B47C926B8CECD00763DDC /* Preview Content */ = {
			isa = PBXGroup;
			children = (
				AB3B47CA26B8CECD00763DDC /* Preview Assets.xcassets */,
			);
			path = "Preview Content";
			sourceTree = "<group>";
		};
/* End PBXGroup section */

/* Begin PBXNativeTarget section */
		AB3B47BD26B8CEC900763DDC /* Pokemon-SwiftUI */ = {
			isa = PBXNativeTarget;
			buildConfigurationList = AB3B47D226B8CECD00763DDC /* Build configuration list for PBXNativeTarget "Pokemon-SwiftUI" */;
			buildPhases = (
				AB3B47BA26B8CEC900763DDC /* Sources */,
				AB3B47BB26B8CEC900763DDC /* Frameworks */,
				AB3B47BC26B8CEC900763DDC /* Resources */,
			);
			buildRules = (
			);
			dependencies = (
			);
			name = "Pokemon-SwiftUI";
			packageProductDependencies = (
				421309CF26BB7FA500078A00 /* SDWebImageSwiftUI */,
			);
			productName = "Pokemon-SwiftUI";
			productReference = AB3B47BE26B8CEC900763DDC /* Pokemon-SwiftUI.app */;
			productType = "com.apple.product-type.application";
		};
/* End PBXNativeTarget section */

/* Begin PBXProject section */
		AB3B47B626B8CEC900763DDC /* Project object */ = {
			isa = PBXProject;
			attributes = {
				LastSwiftUpdateCheck = 1250;
				LastUpgradeCheck = 1250;
				TargetAttributes = {
					AB3B47BD26B8CEC900763DDC = {
						CreatedOnToolsVersion = 12.5;
					};
				};
			};
			buildConfigurationList = AB3B47B926B8CEC900763DDC /* Build configuration list for PBXProject "Pokemon-SwiftUI" */;
			compatibilityVersion = "Xcode 9.3";
			developmentRegion = en;
			hasScannedForEncodings = 0;
			knownRegions = (
				en,
				Base,
			);
			mainGroup = AB3B47B526B8CEC900763DDC;
			packageReferences = (
				421309CE26BB7FA400078A00 /* XCRemoteSwiftPackageReference "SDWebImageSwiftUI" */,
			);
			productRefGroup = AB3B47BF26B8CEC900763DDC /* Products */;
			projectDirPath = "";
			projectRoot = "";
			targets = (
				AB3B47BD26B8CEC900763DDC /* Pokemon-SwiftUI */,
			);
		};
/* End PBXProject section */

/* Begin PBXResourcesBuildPhase section */
		AB3B47BC26B8CEC900763DDC /* Resources */ = {
			isa = PBXResourcesBuildPhase;
			buildActionMask = 2147483647;
			files = (
				AB3B47CE26B8CECD00763DDC /* LaunchScreen.storyboard in Resources */,
				AB3B47CB26B8CECD00763DDC /* Preview Assets.xcassets in Resources */,
				AB9CB29726BB2205001467F7 /* Assets.xcassets in Resources */,
			);
			runOnlyForDeploymentPostprocessing = 0;
		};
/* End PBXResourcesBuildPhase section */

/* Begin PBXSourcesBuildPhase section */
		AB3B47BA26B8CEC900763DDC /* Sources */ = {
			isa = PBXSourcesBuildPhase;
			buildActionMask = 2147483647;
			files = (
				421309C426BB790A00078A00 /* PokemonResponse.swift in Sources */,
				421309CC26BB799300078A00 /* EnvironmentConfig.swift in Sources */,
				AB3B47C226B8CEC900763DDC /* AppDelegate.swift in Sources */,
				AB3B47C426B8CEC900763DDC /* SceneDelegate.swift in Sources */,
				421309D326BB84ED00078A00 /* String+Extension.swift in Sources */,
				AB3B47C626B8CEC900763DDC /* ContentView.swift in Sources */,
				42D0EB9326BBB88100018FE5 /* ListPokemonViewModel.swift in Sources */,
				AB30A2AB26B99FD200D65689 /* ListPokemon.swift in Sources */,
				42E0AA1C26BBAEA5007F23DB /* CoreDataManager.swift in Sources */,
				421309C626BB792500078A00 /* Pokemon.swift in Sources */,
				421309C026BB788900078A00 /* SelectionPokemonViewModel.swift in Sources */,
				AB30A2AD26B9BE1D00D65689 /* SelectionPokemon.swift in Sources */,
				421309C926BB794600078A00 /* PokemonAPI.swift in Sources */,
				AB3B47D826B8D04B00763DDC /* CardPokemon.swift in Sources */,
				42D0EB9126BBB39200018FE5 /* CatchPokemon.swift in Sources */,
				42E0AA2026BBAF23007F23DB /* PokemonAppModel.xcdatamodeld in Sources */,
				429AEB4026BC36A2001A71E5 /* ActivityIndicator.swift in Sources */,
			);
			runOnlyForDeploymentPostprocessing = 0;
		};
/* End PBXSourcesBuildPhase section */

/* Begin PBXVariantGroup section */
		AB3B47CC26B8CECD00763DDC /* LaunchScreen.storyboard */ = {
			isa = PBXVariantGroup;
			children = (
				AB3B47CD26B8CECD00763DDC /* Base */,
			);
			name = LaunchScreen.storyboard;
			sourceTree = "<group>";
		};
/* End PBXVariantGroup section */

/* Begin XCBuildConfiguration section */
		AB3B47D026B8CECD00763DDC /* Debug */ = {
			isa = XCBuildConfiguration;
			buildSettings = {
				ALWAYS_SEARCH_USER_PATHS = NO;
				CLANG_ANALYZER_NONNULL = YES;
				CLANG_ANALYZER_NUMBER_OBJECT_CONVERSION = YES_AGGRESSIVE;
				CLANG_CXX_LANGUAGE_STANDARD = "gnu++14";
				CLANG_CXX_LIBRARY = "libc++";
				CLANG_ENABLE_MODULES = YES;
				CLANG_ENABLE_OBJC_ARC = YES;
				CLANG_ENABLE_OBJC_WEAK = YES;
				CLANG_WARN_BLOCK_CAPTURE_AUTORELEASING = YES;
				CLANG_WARN_BOOL_CONVERSION = YES;
				CLANG_WARN_COMMA = YES;
				CLANG_WARN_CONSTANT_CONVERSION = YES;
				CLANG_WARN_DEPRECATED_OBJC_IMPLEMENTATIONS = YES;
				CLANG_WARN_DIRECT_OBJC_ISA_USAGE = YES_ERROR;
				CLANG_WARN_DOCUMENTATION_COMMENTS = YES;
				CLANG_WARN_EMPTY_BODY = YES;
				CLANG_WARN_ENUM_CONVERSION = YES;
				CLANG_WARN_INFINITE_RECURSION = YES;
				CLANG_WARN_INT_CONVERSION = YES;
				CLANG_WARN_NON_LITERAL_NULL_CONVERSION = YES;
				CLANG_WARN_OBJC_IMPLICIT_RETAIN_SELF = YES;
				CLANG_WARN_OBJC_LITERAL_CONVERSION = YES;
				CLANG_WARN_OBJC_ROOT_CLASS = YES_ERROR;
				CLANG_WARN_QUOTED_INCLUDE_IN_FRAMEWORK_HEADER = YES;
				CLANG_WARN_RANGE_LOOP_ANALYSIS = YES;
				CLANG_WARN_STRICT_PROTOTYPES = YES;
				CLANG_WARN_SUSPICIOUS_MOVE = YES;
				CLANG_WARN_UNGUARDED_AVAILABILITY = YES_AGGRESSIVE;
				CLANG_WARN_UNREACHABLE_CODE = YES;
				CLANG_WARN__DUPLICATE_METHOD_MATCH = YES;
				COPY_PHASE_STRIP = NO;
				DEBUG_INFORMATION_FORMAT = dwarf;
				ENABLE_STRICT_OBJC_MSGSEND = YES;
				ENABLE_TESTABILITY = YES;
				GCC_C_LANGUAGE_STANDARD = gnu11;
				GCC_DYNAMIC_NO_PIC = NO;
				GCC_NO_COMMON_BLOCKS = YES;
				GCC_OPTIMIZATION_LEVEL = 0;
				GCC_PREPROCESSOR_DEFINITIONS = (
					"DEBUG=1",
					"$(inherited)",
				);
				GCC_WARN_64_TO_32_BIT_CONVERSION = YES;
				GCC_WARN_ABOUT_RETURN_TYPE = YES_ERROR;
				GCC_WARN_UNDECLARED_SELECTOR = YES;
				GCC_WARN_UNINITIALIZED_AUTOS = YES_AGGRESSIVE;
				GCC_WARN_UNUSED_FUNCTION = YES;
				GCC_WARN_UNUSED_VARIABLE = YES;
				IPHONEOS_DEPLOYMENT_TARGET = 13.0;
				MTL_ENABLE_DEBUG_INFO = INCLUDE_SOURCE;
				MTL_FAST_MATH = YES;
				ONLY_ACTIVE_ARCH = YES;
				SDKROOT = iphoneos;
				SWIFT_ACTIVE_COMPILATION_CONDITIONS = DEBUG;
				SWIFT_OPTIMIZATION_LEVEL = "-Onone";
			};
			name = Debug;
		};
		AB3B47D126B8CECD00763DDC /* Release */ = {
			isa = XCBuildConfiguration;
			buildSettings = {
				ALWAYS_SEARCH_USER_PATHS = NO;
				CLANG_ANALYZER_NONNULL = YES;
				CLANG_ANALYZER_NUMBER_OBJECT_CONVERSION = YES_AGGRESSIVE;
				CLANG_CXX_LANGUAGE_STANDARD = "gnu++14";
				CLANG_CXX_LIBRARY = "libc++";
				CLANG_ENABLE_MODULES = YES;
				CLANG_ENABLE_OBJC_ARC = YES;
				CLANG_ENABLE_OBJC_WEAK = YES;
				CLANG_WARN_BLOCK_CAPTURE_AUTORELEASING = YES;
				CLANG_WARN_BOOL_CONVERSION = YES;
				CLANG_WARN_COMMA = YES;
				CLANG_WARN_CONSTANT_CONVERSION = YES;
				CLANG_WARN_DEPRECATED_OBJC_IMPLEMENTATIONS = YES;
				CLANG_WARN_DIRECT_OBJC_ISA_USAGE = YES_ERROR;
				CLANG_WARN_DOCUMENTATION_COMMENTS = YES;
				CLANG_WARN_EMPTY_BODY = YES;
				CLANG_WARN_ENUM_CONVERSION = YES;
				CLANG_WARN_INFINITE_RECURSION = YES;
				CLANG_WARN_INT_CONVERSION = YES;
				CLANG_WARN_NON_LITERAL_NULL_CONVERSION = YES;
				CLANG_WARN_OBJC_IMPLICIT_RETAIN_SELF = YES;
				CLANG_WARN_OBJC_LITERAL_CONVERSION = YES;
				CLANG_WARN_OBJC_ROOT_CLASS = YES_ERROR;
				CLANG_WARN_QUOTED_INCLUDE_IN_FRAMEWORK_HEADER = YES;
				CLANG_WARN_RANGE_LOOP_ANALYSIS = YES;
				CLANG_WARN_STRICT_PROTOTYPES = YES;
				CLANG_WARN_SUSPICIOUS_MOVE = YES;
				CLANG_WARN_UNGUARDED_AVAILABILITY = YES_AGGRESSIVE;
				CLANG_WARN_UNREACHABLE_CODE = YES;
				CLANG_WARN__DUPLICATE_METHOD_MATCH = YES;
				COPY_PHASE_STRIP = NO;
				DEBUG_INFORMATION_FORMAT = "dwarf-with-dsym";
				ENABLE_NS_ASSERTIONS = NO;
				ENABLE_STRICT_OBJC_MSGSEND = YES;
				GCC_C_LANGUAGE_STANDARD = gnu11;
				GCC_NO_COMMON_BLOCKS = YES;
				GCC_WARN_64_TO_32_BIT_CONVERSION = YES;
				GCC_WARN_ABOUT_RETURN_TYPE = YES_ERROR;
				GCC_WARN_UNDECLARED_SELECTOR = YES;
				GCC_WARN_UNINITIALIZED_AUTOS = YES_AGGRESSIVE;
				GCC_WARN_UNUSED_FUNCTION = YES;
				GCC_WARN_UNUSED_VARIABLE = YES;
				IPHONEOS_DEPLOYMENT_TARGET = 13.0;
				MTL_ENABLE_DEBUG_INFO = NO;
				MTL_FAST_MATH = YES;
				SDKROOT = iphoneos;
				SWIFT_COMPILATION_MODE = wholemodule;
				SWIFT_OPTIMIZATION_LEVEL = "-O";
				VALIDATE_PRODUCT = YES;
			};
			name = Release;
		};
		AB3B47D326B8CECD00763DDC /* Debug */ = {
			isa = XCBuildConfiguration;
			baseConfigurationReference = 421309CD26BB79A900078A00 /* Development.xcconfig */;
			buildSettings = {
				ASSETCATALOG_COMPILER_APPICON_NAME = AppIcon;
				ASSETCATALOG_COMPILER_GLOBAL_ACCENT_COLOR_NAME = AccentColor;
				CODE_SIGN_STYLE = Automatic;
				DEVELOPMENT_ASSET_PATHS = "\"Pokemon-SwiftUI/Preview Content\"";
				ENABLE_PREVIEWS = YES;
				INFOPLIST_FILE = "Pokemon-SwiftUI/Info.plist";
				IPHONEOS_DEPLOYMENT_TARGET = 13.6;
				LD_RUNPATH_SEARCH_PATHS = (
					"$(inherited)",
					"@executable_path/Frameworks",
				);
				PRODUCT_BUNDLE_IDENTIFIER = dev.julypardo.pokemon;
				PRODUCT_NAME = "$(TARGET_NAME)";
				SWIFT_VERSION = 5.0;
				TARGETED_DEVICE_FAMILY = 1;
			};
			name = Debug;
		};
		AB3B47D426B8CECD00763DDC /* Release */ = {
			isa = XCBuildConfiguration;
			baseConfigurationReference = 421309CD26BB79A900078A00 /* Development.xcconfig */;
			buildSettings = {
				ASSETCATALOG_COMPILER_APPICON_NAME = AppIcon;
				ASSETCATALOG_COMPILER_GLOBAL_ACCENT_COLOR_NAME = AccentColor;
				CODE_SIGN_STYLE = Automatic;
				DEVELOPMENT_ASSET_PATHS = "\"Pokemon-SwiftUI/Preview Content\"";
				ENABLE_PREVIEWS = YES;
				INFOPLIST_FILE = "Pokemon-SwiftUI/Info.plist";
				IPHONEOS_DEPLOYMENT_TARGET = 13.6;
				LD_RUNPATH_SEARCH_PATHS = (
					"$(inherited)",
					"@executable_path/Frameworks",
				);
				PRODUCT_BUNDLE_IDENTIFIER = dev.julypardo.pokemon;
				PRODUCT_NAME = "$(TARGET_NAME)";
				SWIFT_VERSION = 5.0;
				TARGETED_DEVICE_FAMILY = 1;
			};
			name = Release;
		};
/* End XCBuildConfiguration section */

/* Begin XCConfigurationList section */
		AB3B47B926B8CEC900763DDC /* Build configuration list for PBXProject "Pokemon-SwiftUI" */ = {
			isa = XCConfigurationList;
			buildConfigurations = (
				AB3B47D026B8CECD00763DDC /* Debug */,
				AB3B47D126B8CECD00763DDC /* Release */,
			);
			defaultConfigurationIsVisible = 0;
			defaultConfigurationName = Release;
		};
		AB3B47D226B8CECD00763DDC /* Build configuration list for PBXNativeTarget "Pokemon-SwiftUI" */ = {
			isa = XCConfigurationList;
			buildConfigurations = (
				AB3B47D326B8CECD00763DDC /* Debug */,
				AB3B47D426B8CECD00763DDC /* Release */,
			);
			defaultConfigurationIsVisible = 0;
			defaultConfigurationName = Release;
		};
/* End XCConfigurationList section */

/* Begin XCRemoteSwiftPackageReference section */
		421309CE26BB7FA400078A00 /* XCRemoteSwiftPackageReference "SDWebImageSwiftUI" */ = {
			isa = XCRemoteSwiftPackageReference;
			repositoryURL = "https://github.com/SDWebImage/SDWebImageSwiftUI";
			requirement = {
				kind = upToNextMajorVersion;
				minimumVersion = 2.0.2;
			};
		};
/* End XCRemoteSwiftPackageReference section */

/* Begin XCSwiftPackageProductDependency section */
		421309CF26BB7FA500078A00 /* SDWebImageSwiftUI */ = {
			isa = XCSwiftPackageProductDependency;
			package = 421309CE26BB7FA400078A00 /* XCRemoteSwiftPackageReference "SDWebImageSwiftUI" */;
			productName = SDWebImageSwiftUI;
		};
/* End XCSwiftPackageProductDependency section */

/* Begin XCVersionGroup section */
		42E0AA1E26BBAF23007F23DB /* PokemonAppModel.xcdatamodeld */ = {
			isa = XCVersionGroup;
			children = (
				42E0AA1F26BBAF23007F23DB /* PokemonAppModel.xcdatamodel */,
			);
			currentVersion = 42E0AA1F26BBAF23007F23DB /* PokemonAppModel.xcdatamodel */;
			path = PokemonAppModel.xcdatamodeld;
			sourceTree = "<group>";
			versionGroupType = wrapper.xcdatamodel;
		};
/* End XCVersionGroup section */
	};
	rootObject = AB3B47B626B8CEC900763DDC /* Project object */;
}
