// !$*UTF8*$!
{
	archiveVersion = 1;
	classes = {
	};
	objectVersion = 50;
	objects = {

/* Begin PBXBuildFile section */
		AB3B47C226B8CEC900763DDC /* AppDelegate.swift in Sources */ = {isa = PBXBuildFile; fileRef = AB3B47C126B8CEC900763DDC /* AppDelegate.swift */; };
		AB3B47C426B8CEC900763DDC /* SceneDelegate.swift in Sources */ = {isa = PBXBuildFile; fileRef = AB3B47C326B8CEC900763DDC /* SceneDelegate.swift */; };
		AB3B47C626B8CEC900763DDC /* ContentView.swift in Sources */ = {isa = PBXBuildFile; fileRef = AB3B47C526B8CEC900763DDC /* ContentView.swift */; };
		AB3B47CB26B8CECD00763DDC /* Preview Assets.xcassets in Resources */ = {isa = PBXBuildFile; fileRef = AB3B47CA26B8CECD00763DDC /* Preview Assets.xcassets */; };
		AB3B47CE26B8CECD00763DDC /* LaunchScreen.storyboard in Resources */ = {isa = PBXBuildFile; fileRef = AB3B47CC26B8CECD00763DDC /* LaunchScreen.storyboard */; };
		AB3B47D826B8D04B00763DDC /* CardPokemon.swift in Sources */ = {isa = PBXBuildFile; fileRef = AB3B47D726B8D04B00763DDC /* CardPokemon.swift */; };
		AB3B47DA26B8D09C00763DDC /* Assets.xcassets in Resources */ = {isa = PBXBuildFile; fileRef = AB3B47D926B8D09C00763DDC /* Assets.xcassets */; };
/* End PBXBuildFile section */

/* Begin PBXFileReference section */
		AB3B47BE26B8CEC900763DDC /* Pokemon-SwiftUI.app */ = {isa = PBXFileReference; explicitFileType = wrapper.application; includeInIndex = 0; path = "Pokemon-SwiftUI.app"; sourceTree = BUILT_PRODUCTS_DIR; };
		AB3B47C126B8CEC900763DDC /* AppDelegate.swift */ = {isa = PBXFileReference; lastKnownFileType = sourcecode.swift; path = AppDelegate.swift; sourceTree = "<group>"; };
		AB3B47C326B8CEC900763DDC /* SceneDelegate.swift */ = {isa = PBXFileReference; lastKnownFileType = sourcecode.swift; path = SceneDelegate.swift; sourceTree = "<group>"; };
		AB3B47C526B8CEC900763DDC /* ContentView.swift */ = {isa = PBXFileReference; lastKnownFileType = sourcecode.swift; path = ContentView.swift; sourceTree = "<group>"; };
		AB3B47CA26B8CECD00763DDC /* Preview Assets.xcassets */ = {isa = PBXFileReference; lastKnownFileType = folder.assetcatalog; path = "Preview Assets.xcassets"; sourceTree = "<group>"; };
		AB3B47CD26B8CECD00763DDC /* Base */ = {isa = PBXFileReference; lastKnownFileType = file.storyboard; name = Base; path = Base.lproj/LaunchScreen.storyboard; sourceTree = "<group>"; };
		AB3B47CF26B8CECD00763DDC /* Info.plist */ = {isa = PBXFileReference; lastKnownFileType = text.plist.xml; path = Info.plist; sourceTree = "<group>"; };
		AB3B47D726B8D04B00763DDC /* CardPokemon.swift */ = {isa = PBXFileReference; lastKnownFileType = sourcecode.swift; path = CardPokemon.swift; sourceTree = "<group>"; };
		AB3B47D926B8D09C00763DDC /* Assets.xcassets */ = {isa = PBXFileReference; lastKnownFileType = folder.assetcatalog; name = Assets.xcassets; path = "../../../../../../Desktop/Pokemon-SwiftUI/Pokemon-SwiftUI/Pokemon-SwiftUI/Assets.xcassets"; sourceTree = "<group>"; };
/* End PBXFileReference section */

/* Begin PBXFrameworksBuildPhase section */
		AB3B47BB26B8CEC900763DDC /* Frameworks */ = {
			isa = PBXFrameworksBuildPhase;
			buildActionMask = 2147483647;
			files = (
			);
			runOnlyForDeploymentPostprocessing = 0;
		};
/* End PBXFrameworksBuildPhase section */

/* Begin PBXGroup section */
		AB3B47B526B8CEC900763DDC = {
			isa = PBXGroup;
			children = (
				AB3B47C026B8CEC900763DDC /* Pokemon-SwiftUI */,
				AB3B47BF26B8CEC900763DDC /* Products */,
			);
			sourceTree = "<group>";
		};
		AB3B47BF26B8CEC900763DDC /* Products */ = {
			isa = PBXGroup;
			children = (
				AB3B47BE26B8CEC900763DDC /* Pokemon-SwiftUI.app */,
			);
			name = Products;
			sourceTree = "<group>";
		};
		AB3B47C026B8CEC900763DDC /* Pokemon-SwiftUI */ = {
			isa = PBXGroup;
			children = (
				AB3B47C126B8CEC900763DDC /* AppDelegate.swift */,
				AB3B47C326B8CEC900763DDC /* SceneDelegate.swift */,
				AB3B47C526B8CEC900763DDC /* ContentView.swift */,
				AB3B47D726B8D04B00763DDC /* CardPokemon.swift */,
				AB3B47D926B8D09C00763DDC /* Assets.xcassets */,
				AB3B47CC26B8CECD00763DDC /* LaunchScreen.storyboard */,
				AB3B47CF26B8CECD00763DDC /* Info.plist */,
				AB3B47C926B8CECD00763DDC /* Preview Content */,
			);
			path = "Pokemon-SwiftUI";
			sourceTree = "<group>";
		};
		AB3B47C926B8CECD00763DDC /* Preview Content */ = {
			isa = PBXGroup;
			children = (
				AB3B47CA26B8CECD00763DDC /* Preview Assets.xcassets */,
			);
			path = "Preview Content";
			sourceTree = "<group>";
		};
/* End PBXGroup section */

/* Begin PBXNativeTarget section */
		AB3B47BD26B8CEC900763DDC /* Pokemon-SwiftUI */ = {
			isa = PBXNativeTarget;
			buildConfigurationList = AB3B47D226B8CECD00763DDC /* Build configuration list for PBXNativeTarget "Pokemon-SwiftUI" */;
			buildPhases = (
				AB3B47BA26B8CEC900763DDC /* Sources */,
				AB3B47BB26B8CEC900763DDC /* Frameworks */,
				AB3B47BC26B8CEC900763DDC /* Resources */,
			);
			buildRules = (
			);
			dependencies = (
			);
			name = "Pokemon-SwiftUI";
			productName = "Pokemon-SwiftUI";
			productReference = AB3B47BE26B8CEC900763DDC /* Pokemon-SwiftUI.app */;
			productType = "com.apple.product-type.application";
		};
/* End PBXNativeTarget section */

/* Begin PBXProject section */
		AB3B47B626B8CEC900763DDC /* Project object */ = {
			isa = PBXProject;
			attributes = {
				LastSwiftUpdateCheck = 1250;
				LastUpgradeCheck = 1250;
				TargetAttributes = {
					AB3B47BD26B8CEC900763DDC = {
						CreatedOnToolsVersion = 12.5;
					};
				};
			};
			buildConfigurationList = AB3B47B926B8CEC900763DDC /* Build configuration list for PBXProject "Pokemon-SwiftUI" */;
			compatibilityVersion = "Xcode 9.3";
			developmentRegion = en;
			hasScannedForEncodings = 0;
			knownRegions = (
				en,
				Base,
			);
			mainGroup = AB3B47B526B8CEC900763DDC;
			productRefGroup = AB3B47BF26B8CEC900763DDC /* Products */;
			projectDirPath = "";
			projectRoot = "";
			targets = (
				AB3B47BD26B8CEC900763DDC /* Pokemon-SwiftUI */,
			);
		};
/* End PBXProject section */

/* Begin PBXResourcesBuildPhase section */
		AB3B47BC26B8CEC900763DDC /* Resources */ = {
			isa = PBXResourcesBuildPhase;
			buildActionMask = 2147483647;
			files = (
				AB3B47CE26B8CECD00763DDC /* LaunchScreen.storyboard in Resources */,
				AB3B47CB26B8CECD00763DDC /* Preview Assets.xcassets in Resources */,
				AB3B47DA26B8D09C00763DDC /* Assets.xcassets in Resources */,
			);
			runOnlyForDeploymentPostprocessing = 0;
		};
/* End PBXResourcesBuildPhase section */

/* Begin PBXSourcesBuildPhase section */
		AB3B47BA26B8CEC900763DDC /* Sources */ = {
			isa = PBXSourcesBuildPhase;
			buildActionMask = 2147483647;
			files = (
				AB3B47C226B8CEC900763DDC /* AppDelegate.swift in Sources */,
				AB3B47C426B8CEC900763DDC /* SceneDelegate.swift in Sources */,
				AB3B47C626B8CEC900763DDC /* ContentView.swift in Sources */,
				AB3B47D826B8D04B00763DDC /* CardPokemon.swift in Sources */,
			);
			runOnlyForDeploymentPostprocessing = 0;
		};
/* End PBXSourcesBuildPhase section */

/* Begin PBXVariantGroup section */
		AB3B47CC26B8CECD00763DDC /* LaunchScreen.storyboard */ = {
			isa = PBXVariantGroup;
			children = (
				AB3B47CD26B8CECD00763DDC /* Base */,
			);
			name = LaunchScreen.storyboard;
			sourceTree = "<group>";
		};
/* End PBXVariantGroup section */

/* Begin XCBuildConfiguration section */
		AB3B47D026B8CECD00763DDC /* Debug */ = {
			isa = XCBuildConfiguration;
			buildSettings = {
				ALWAYS_SEARCH_USER_PATHS = NO;
				CLANG_ANALYZER_NONNULL = YES;
				CLANG_ANALYZER_NUMBER_OBJECT_CONVERSION = YES_AGGRESSIVE;
				CLANG_CXX_LANGUAGE_STANDARD = "gnu++14";
				CLANG_CXX_LIBRARY = "libc++";
				CLANG_ENABLE_MODULES = YES;
				CLANG_ENABLE_OBJC_ARC = YES;
				CLANG_ENABLE_OBJC_WEAK = YES;
				CLANG_WARN_BLOCK_CAPTURE_AUTORELEASING = YES;
				CLANG_WARN_BOOL_CONVERSION = YES;
				CLANG_WARN_COMMA = YES;
				CLANG_WARN_CONSTANT_CONVERSION = YES;
				CLANG_WARN_DEPRECATED_OBJC_IMPLEMENTATIONS = YES;
				CLANG_WARN_DIRECT_OBJC_ISA_USAGE = YES_ERROR;
				CLANG_WARN_DOCUMENTATION_COMMENTS = YES;
				CLANG_WARN_EMPTY_BODY = YES;
				CLANG_WARN_ENUM_CONVERSION = YES;
				CLANG_WARN_INFINITE_RECURSION = YES;
				CLANG_WARN_INT_CONVERSION = YES;
				CLANG_WARN_NON_LITERAL_NULL_CONVERSION = YES;
				CLANG_WARN_OBJC_IMPLICIT_RETAIN_SELF = YES;
				CLANG_WARN_OBJC_LITERAL_CONVERSION = YES;
				CLANG_WARN_OBJC_ROOT_CLASS = YES_ERROR;
				CLANG_WARN_QUOTED_INCLUDE_IN_FRAMEWORK_HEADER = YES;
				CLANG_WARN_RANGE_LOOP_ANALYSIS = YES;
				CLANG_WARN_STRICT_PROTOTYPES = YES;
				CLANG_WARN_SUSPICIOUS_MOVE = YES;
				CLANG_WARN_UNGUARDED_AVAILABILITY = YES_AGGRESSIVE;
				CLANG_WARN_UNREACHABLE_CODE = YES;
				CLANG_WARN__DUPLICATE_METHOD_MATCH = YES;
				COPY_PHASE_STRIP = NO;
				DEBUG_INFORMATION_FORMAT = dwarf;
				ENABLE_STRICT_OBJC_MSGSEND = YES;
				ENABLE_TESTABILITY = YES;
				GCC_C_LANGUAGE_STANDARD = gnu11;
				GCC_DYNAMIC_NO_PIC = NO;
				GCC_NO_COMMON_BLOCKS = YES;
				GCC_OPTIMIZATION_LEVEL = 0;
				GCC_PREPROCESSOR_DEFINITIONS = (
					"DEBUG=1",
					"$(inherited)",
				);
				GCC_WARN_64_TO_32_BIT_CONVERSION = YES;
				GCC_WARN_ABOUT_RETURN_TYPE = YES_ERROR;
				GCC_WARN_UNDECLARED_SELECTOR = YES;
				GCC_WARN_UNINITIALIZED_AUTOS = YES_AGGRESSIVE;
				GCC_WARN_UNUSED_FUNCTION = YES;
				GCC_WARN_UNUSED_VARIABLE = YES;
				IPHONEOS_DEPLOYMENT_TARGET = 14.5;
				MTL_ENABLE_DEBUG_INFO = INCLUDE_SOURCE;
				MTL_FAST_MATH = YES;
				ONLY_ACTIVE_ARCH = YES;
				SDKROOT = iphoneos;
				SWIFT_ACTIVE_COMPILATION_CONDITIONS = DEBUG;
				SWIFT_OPTIMIZATION_LEVEL = "-Onone";
			};
			name = Debug;
		};
		AB3B47D126B8CECD00763DDC /* Release */ = {
			isa = XCBuildConfiguration;
			buildSettings = {
				ALWAYS_SEARCH_USER_PATHS = NO;
				CLANG_ANALYZER_NONNULL = YES;
				CLANG_ANALYZER_NUMBER_OBJECT_CONVERSION = YES_AGGRESSIVE;
				CLANG_CXX_LANGUAGE_STANDARD = "gnu++14";
				CLANG_CXX_LIBRARY = "libc++";
				CLANG_ENABLE_MODULES = YES;
				CLANG_ENABLE_OBJC_ARC = YES;
				CLANG_ENABLE_OBJC_WEAK = YES;
				CLANG_WARN_BLOCK_CAPTURE_AUTORELEASING = YES;
				CLANG_WARN_BOOL_CONVERSION = YES;
				CLANG_WARN_COMMA = YES;
				CLANG_WARN_CONSTANT_CONVERSION = YES;
				CLANG_WARN_DEPRECATED_OBJC_IMPLEMENTATIONS = YES;
				CLANG_WARN_DIRECT_OBJC_ISA_USAGE = YES_ERROR;
				CLANG_WARN_DOCUMENTATION_COMMENTS = YES;
				CLANG_WARN_EMPTY_BODY = YES;
				CLANG_WARN_ENUM_CONVERSION = YES;
				CLANG_WARN_INFINITE_RECURSION = YES;
				CLANG_WARN_INT_CONVERSION = YES;
				CLANG_WARN_NON_LITERAL_NULL_CONVERSION = YES;
				CLANG_WARN_OBJC_IMPLICIT_RETAIN_SELF = YES;
				CLANG_WARN_OBJC_LITERAL_CONVERSION = YES;
				CLANG_WARN_OBJC_ROOT_CLASS = YES_ERROR;
				CLANG_WARN_QUOTED_INCLUDE_IN_FRAMEWORK_HEADER = YES;
				CLANG_WARN_RANGE_LOOP_ANALYSIS = YES;
				CLANG_WARN_STRICT_PROTOTYPES = YES;
				CLANG_WARN_SUSPICIOUS_MOVE = YES;
				CLANG_WARN_UNGUARDED_AVAILABILITY = YES_AGGRESSIVE;
				CLANG_WARN_UNREACHABLE_CODE = YES;
				CLANG_WARN__DUPLICATE_METHOD_MATCH = YES;
				COPY_PHASE_STRIP = NO;
				DEBUG_INFORMATION_FORMAT = "dwarf-with-dsym";
				ENABLE_NS_ASSERTIONS = NO;
				ENABLE_STRICT_OBJC_MSGSEND = YES;
				GCC_C_LANGUAGE_STANDARD = gnu11;
				GCC_NO_COMMON_BLOCKS = YES;
				GCC_WARN_64_TO_32_BIT_CONVERSION = YES;
				GCC_WARN_ABOUT_RETURN_TYPE = YES_ERROR;
				GCC_WARN_UNDECLARED_SELECTOR = YES;
				GCC_WARN_UNINITIALIZED_AUTOS = YES_AGGRESSIVE;
				GCC_WARN_UNUSED_FUNCTION = YES;
				GCC_WARN_UNUSED_VARIABLE = YES;
				IPHONEOS_DEPLOYMENT_TARGET = 14.5;
				MTL_ENABLE_DEBUG_INFO = NO;
				MTL_FAST_MATH = YES;
				SDKROOT = iphoneos;
				SWIFT_COMPILATION_MODE = wholemodule;
				SWIFT_OPTIMIZATION_LEVEL = "-O";
				VALIDATE_PRODUCT = YES;
			};
			name = Release;
		};
		AB3B47D326B8CECD00763DDC /* Debug */ = {
			isa = XCBuildConfiguration;
			buildSettings = {
				ASSETCATALOG_COMPILER_APPICON_NAME = AppIcon;
				ASSETCATALOG_COMPILER_GLOBAL_ACCENT_COLOR_NAME = AccentColor;
				CODE_SIGN_STYLE = Automatic;
				DEVELOPMENT_ASSET_PATHS = "\"Pokemon-SwiftUI/Preview Content\"";
				ENABLE_PREVIEWS = YES;
				INFOPLIST_FILE = "Pokemon-SwiftUI/Info.plist";
				IPHONEOS_DEPLOYMENT_TARGET = 13.6;
				LD_RUNPATH_SEARCH_PATHS = (
					"$(inherited)",
					"@executable_path/Frameworks",
				);
				PRODUCT_BUNDLE_IDENTIFIER = "io.designcode.Pokemon-SwiftUI";
				PRODUCT_NAME = "$(TARGET_NAME)";
				SWIFT_VERSION = 5.0;
				TARGETED_DEVICE_FAMILY = "1,2";
			};
			name = Debug;
		};
		AB3B47D426B8CECD00763DDC /* Release */ = {
			isa = XCBuildConfiguration;
			buildSettings = {
				ASSETCATALOG_COMPILER_APPICON_NAME = AppIcon;
				ASSETCATALOG_COMPILER_GLOBAL_ACCENT_COLOR_NAME = AccentColor;
				CODE_SIGN_STYLE = Automatic;
				DEVELOPMENT_ASSET_PATHS = "\"Pokemon-SwiftUI/Preview Content\"";
				ENABLE_PREVIEWS = YES;
				INFOPLIST_FILE = "Pokemon-SwiftUI/Info.plist";
				IPHONEOS_DEPLOYMENT_TARGET = 13.6;
				LD_RUNPATH_SEARCH_PATHS = (
					"$(inherited)",
					"@executable_path/Frameworks",
				);
				PRODUCT_BUNDLE_IDENTIFIER = "io.designcode.Pokemon-SwiftUI";
				PRODUCT_NAME = "$(TARGET_NAME)";
				SWIFT_VERSION = 5.0;
				TARGETED_DEVICE_FAMILY = "1,2";
			};
			name = Release;
		};
/* End XCBuildConfiguration section */

/* Begin XCConfigurationList section */
		AB3B47B926B8CEC900763DDC /* Build configuration list for PBXProject "Pokemon-SwiftUI" */ = {
			isa = XCConfigurationList;
			buildConfigurations = (
				AB3B47D026B8CECD00763DDC /* Debug */,
				AB3B47D126B8CECD00763DDC /* Release */,
			);
			defaultConfigurationIsVisible = 0;
			defaultConfigurationName = Release;
		};
		AB3B47D226B8CECD00763DDC /* Build configuration list for PBXNativeTarget "Pokemon-SwiftUI" */ = {
			isa = XCConfigurationList;
			buildConfigurations = (
				AB3B47D326B8CECD00763DDC /* Debug */,
				AB3B47D426B8CECD00763DDC /* Release */,
			);
			defaultConfigurationIsVisible = 0;
			defaultConfigurationName = Release;
		};
/* End XCConfigurationList section */
	};
	rootObject = AB3B47B626B8CEC900763DDC /* Project object */;
}
